
Microsoft Visual Studio Solution File, Format Version 11.00
# Visual Studio 2010
Project("{FAE04EC0-301F-11D3-BF4B-00C04F79EFBC}") = "Assembly-CSharp", "Assembly-CSharp.csproj", "{0418492A-63D1-5DF7-5053-14D4249015D7}"
EndProject
Project("{FAE04EC0-301F-11D3-BF4B-00C04F79EFBC}") = "Assembly-CSharp-Editor", "Assembly-CSharp-Editor.csproj", "{0FD7F655-EDF7-7A91-5987-A2CD0A37CCFA}"
EndProject
Global
	GlobalSection(SolutionConfigurationPlatforms) = preSolution
		Debug|Any CPU = Debug|Any CPU
		Release|Any CPU = Release|Any CPU
	EndGlobalSection
	GlobalSection(ProjectConfigurationPlatforms) = postSolution
		{0418492A-63D1-5DF7-5053-14D4249015D7}.Debug|Any CPU.ActiveCfg = Debug|Any CPU
		{0418492A-63D1-5DF7-5053-14D4249015D7}.Debug|Any CPU.Build.0 = Debug|Any CPU
		{0418492A-63D1-5DF7-5053-14D4249015D7}.Release|Any CPU.ActiveCfg = Release|Any CPU
		{0418492A-63D1-5DF7-5053-14D4249015D7}.Release|Any CPU.Build.0 = Release|Any CPU
		{0FD7F655-EDF7-7A91-5987-A2CD0A37CCFA}.Debug|Any CPU.ActiveCfg = Debug|Any CPU
		{0FD7F655-EDF7-7A91-5987-A2CD0A37CCFA}.Debug|Any CPU.Build.0 = Debug|Any CPU
		{0FD7F655-EDF7-7A91-5987-A2CD0A37CCFA}.Release|Any CPU.ActiveCfg = Release|Any CPU
		{0FD7F655-EDF7-7A91-5987-A2CD0A37CCFA}.Release|Any CPU.Build.0 = Release|Any CPU
	EndGlobalSection
	GlobalSection(SolutionProperties) = preSolution
		HideSolutionNode = FALSE
	EndGlobalSection
	GlobalSection(MonoDevelopProperties) = preSolution
		StartupItem = Assembly-CSharp.csproj
	EndGlobalSection
EndGlobal
